// !$*UTF8*$!
{
	archiveVersion = 1;
	classes = {
	};
	objectVersion = 50;
	objects = {

/* Begin PBXBuildFile section */
		48BAB87E255BCEDF00EB13C4 /* AppDelegate.swift in Sources */ = {isa = PBXBuildFile; fileRef = 48BAB87D255BCEDF00EB13C4 /* AppDelegate.swift */; };
		48BAB880255BCEDF00EB13C4 /* SceneDelegate.swift in Sources */ = {isa = PBXBuildFile; fileRef = 48BAB87F255BCEDF00EB13C4 /* SceneDelegate.swift */; };
		48BAB882255BCEDF00EB13C4 /* ViewController.swift in Sources */ = {isa = PBXBuildFile; fileRef = 48BAB881255BCEDF00EB13C4 /* ViewController.swift */; };
		48BAB885255BCEE000EB13C4 /* Main.storyboard in Resources */ = {isa = PBXBuildFile; fileRef = 48BAB883255BCEE000EB13C4 /* Main.storyboard */; };
		48BAB887255BCEE200EB13C4 /* Assets.xcassets in Resources */ = {isa = PBXBuildFile; fileRef = 48BAB886255BCEE200EB13C4 /* Assets.xcassets */; };
		48BAB88A255BCEE200EB13C4 /* LaunchScreen.storyboard in Resources */ = {isa = PBXBuildFile; fileRef = 48BAB888255BCEE200EB13C4 /* LaunchScreen.storyboard */; };
		48BAB89C255C30ED00EB13C4 /* PhotoInfoController.swift in Sources */ = {isa = PBXBuildFile; fileRef = 48BAB89B255C30ED00EB13C4 /* PhotoInfoController.swift */; };
/* End PBXBuildFile section */

/* Begin PBXFileReference section */
		48BAB87A255BCEDF00EB13C4 /* SpacePhot.app */ = {isa = PBXFileReference; explicitFileType = wrapper.application; includeInIndex = 0; path = SpacePhot.app; sourceTree = BUILT_PRODUCTS_DIR; };
		48BAB87D255BCEDF00EB13C4 /* AppDelegate.swift */ = {isa = PBXFileReference; lastKnownFileType = sourcecode.swift; path = AppDelegate.swift; sourceTree = "<group>"; };
		48BAB87F255BCEDF00EB13C4 /* SceneDelegate.swift */ = {isa = PBXFileReference; lastKnownFileType = sourcecode.swift; path = SceneDelegate.swift; sourceTree = "<group>"; };
		48BAB881255BCEDF00EB13C4 /* ViewController.swift */ = {isa = PBXFileReference; lastKnownFileType = sourcecode.swift; path = ViewController.swift; sourceTree = "<group>"; };
		48BAB884255BCEE000EB13C4 /* Base */ = {isa = PBXFileReference; lastKnownFileType = file.storyboard; name = Base; path = Base.lproj/Main.storyboard; sourceTree = "<group>"; };
		48BAB886255BCEE200EB13C4 /* Assets.xcassets */ = {isa = PBXFileReference; lastKnownFileType = folder.assetcatalog; path = Assets.xcassets; sourceTree = "<group>"; };
		48BAB889255BCEE200EB13C4 /* Base */ = {isa = PBXFileReference; lastKnownFileType = file.storyboard; name = Base; path = Base.lproj/LaunchScreen.storyboard; sourceTree = "<group>"; };
		48BAB88B255BCEE200EB13C4 /* Info.plist */ = {isa = PBXFileReference; lastKnownFileType = text.plist.xml; path = Info.plist; sourceTree = "<group>"; };
		48BAB89B255C30ED00EB13C4 /* PhotoInfoController.swift */ = {isa = PBXFileReference; lastKnownFileType = sourcecode.swift; path = PhotoInfoController.swift; sourceTree = "<group>"; };
/* End PBXFileReference section */

/* Begin PBXFrameworksBuildPhase section */
		48BAB877255BCEDF00EB13C4 /* Frameworks */ = {
			isa = PBXFrameworksBuildPhase;
			buildActionMask = 2147483647;
			files = (
			);
			runOnlyForDeploymentPostprocessing = 0;
		};
/* End PBXFrameworksBuildPhase section */

/* Begin PBXGroup section */
		48BAB871255BCEDF00EB13C4 = {
			isa = PBXGroup;
			children = (
				48BAB87C255BCEDF00EB13C4 /* SpacePhot */,
				48BAB87B255BCEDF00EB13C4 /* Products */,
			);
			sourceTree = "<group>";
		};
		48BAB87B255BCEDF00EB13C4 /* Products */ = {
			isa = PBXGroup;
			children = (
				48BAB87A255BCEDF00EB13C4 /* SpacePhot.app */,
			);
			name = Products;
			sourceTree = "<group>";
		};
		48BAB87C255BCEDF00EB13C4 /* SpacePhot */ = {
			isa = PBXGroup;
			children = (
				48BAB87D255BCEDF00EB13C4 /* AppDelegate.swift */,
				48BAB87F255BCEDF00EB13C4 /* SceneDelegate.swift */,
				48BAB881255BCEDF00EB13C4 /* ViewController.swift */,
				48BAB89B255C30ED00EB13C4 /* PhotoInfoController.swift */,
				48BAB883255BCEE000EB13C4 /* Main.storyboard */,
				48BAB886255BCEE200EB13C4 /* Assets.xcassets */,
				48BAB888255BCEE200EB13C4 /* LaunchScreen.storyboard */,
				48BAB88B255BCEE200EB13C4 /* Info.plist */,
			);
			path = SpacePhot;
			sourceTree = "<group>";
		};
/* End PBXGroup section */

/* Begin PBXNativeTarget section */
		48BAB879255BCEDF00EB13C4 /* SpacePhot */ = {
			isa = PBXNativeTarget;
			buildConfigurationList = 48BAB88E255BCEE200EB13C4 /* Build configuration list for PBXNativeTarget "SpacePhot" */;
			buildPhases = (
				48BAB876255BCEDF00EB13C4 /* Sources */,
				48BAB877255BCEDF00EB13C4 /* Frameworks */,
				48BAB878255BCEDF00EB13C4 /* Resources */,
			);
			buildRules = (
			);
			dependencies = (
			);
			name = SpacePhot;
			productName = SpacePhot;
			productReference = 48BAB87A255BCEDF00EB13C4 /* SpacePhot.app */;
			productType = "com.apple.product-type.application";
		};
/* End PBXNativeTarget section */

/* Begin PBXProject section */
		48BAB872255BCEDF00EB13C4 /* Project object */ = {
			isa = PBXProject;
			attributes = {
				LastSwiftUpdateCheck = 1210;
				LastUpgradeCheck = 1210;
				TargetAttributes = {
					48BAB879255BCEDF00EB13C4 = {
						CreatedOnToolsVersion = 12.1;
					};
				};
			};
			buildConfigurationList = 48BAB875255BCEDF00EB13C4 /* Build configuration list for PBXProject "SpacePhot" */;
			compatibilityVersion = "Xcode 9.3";
			developmentRegion = en;
			hasScannedForEncodings = 0;
			knownRegions = (
				en,
				Base,
			);
			mainGroup = 48BAB871255BCEDF00EB13C4;
			productRefGroup = 48BAB87B255BCEDF00EB13C4 /* Products */;
			projectDirPath = "";
			projectRoot = "";
			targets = (
				48BAB879255BCEDF00EB13C4 /* SpacePhot */,
			);
		};
/* End PBXProject section */

/* Begin PBXResourcesBuildPhase section */
		48BAB878255BCEDF00EB13C4 /* Resources */ = {
			isa = PBXResourcesBuildPhase;
			buildActionMask = 2147483647;
			files = (
				48BAB88A255BCEE200EB13C4 /* LaunchScreen.storyboard in Resources */,
				48BAB887255BCEE200EB13C4 /* Assets.xcassets in Resources */,
				48BAB885255BCEE000EB13C4 /* Main.storyboard in Resources */,
			);
			runOnlyForDeploymentPostprocessing = 0;
		};
/* End PBXResourcesBuildPhase section */

/* Begin PBXSourcesBuildPhase section */
		48BAB876255BCEDF00EB13C4 /* Sources */ = {
			isa = PBXSourcesBuildPhase;
			buildActionMask = 2147483647;
			files = (
				48BAB882255BCEDF00EB13C4 /* ViewController.swift in Sources */,
				48BAB87E255BCEDF00EB13C4 /* AppDelegate.swift in Sources */,
				48BAB89C255C30ED00EB13C4 /* PhotoInfoController.swift in Sources */,
				48BAB880255BCEDF00EB13C4 /* SceneDelegate.swift in Sources */,
			);
			runOnlyForDeploymentPostprocessing = 0;
		};
/* End PBXSourcesBuildPhase section */

/* Begin PBXVariantGroup section */
		48BAB883255BCEE000EB13C4 /* Main.storyboard */ = {
			isa = PBXVariantGroup;
			children = (
				48BAB884255BCEE000EB13C4 /* Base */,
			);
			name = Main.storyboard;
			sourceTree = "<group>";
		};
		48BAB888255BCEE200EB13C4 /* LaunchScreen.storyboard */ = {
			isa = PBXVariantGroup;
			children = (
				48BAB889255BCEE200EB13C4 /* Base */,
			);
			name = LaunchScreen.storyboard;
			sourceTree = "<group>";
		};
/* End PBXVariantGroup section */

/* Begin XCBuildConfiguration section */
		48BAB88C255BCEE200EB13C4 /* Debug */ = {
			isa = XCBuildConfiguration;
			buildSettings = {
				ALWAYS_SEARCH_USER_PATHS = NO;
				CLANG_ANALYZER_NONNULL = YES;
				CLANG_ANALYZER_NUMBER_OBJECT_CONVERSION = YES_AGGRESSIVE;
				CLANG_CXX_LANGUAGE_STANDARD = "gnu++14";
				CLANG_CXX_LIBRARY = "libc++";
				CLANG_ENABLE_MODULES = YES;
				CLANG_ENABLE_OBJC_ARC = YES;
				CLANG_ENABLE_OBJC_WEAK = YES;
				CLANG_WARN_BLOCK_CAPTURE_AUTORELEASING = YES;
				CLANG_WARN_BOOL_CONVERSION = YES;
				CLANG_WARN_COMMA = YES;
				CLANG_WARN_CONSTANT_CONVERSION = YES;
				CLANG_WARN_DEPRECATED_OBJC_IMPLEMENTATIONS = YES;
				CLANG_WARN_DIRECT_OBJC_ISA_USAGE = YES_ERROR;
				CLANG_WARN_DOCUMENTATION_COMMENTS = YES;
				CLANG_WARN_EMPTY_BODY = YES;
				CLANG_WARN_ENUM_CONVERSION = YES;
				CLANG_WARN_INFINITE_RECURSION = YES;
				CLANG_WARN_INT_CONVERSION = YES;
				CLANG_WARN_NON_LITERAL_NULL_CONVERSION = YES;
				CLANG_WARN_OBJC_IMPLICIT_RETAIN_SELF = YES;
				CLANG_WARN_OBJC_LITERAL_CONVERSION = YES;
				CLANG_WARN_OBJC_ROOT_CLASS = YES_ERROR;
				CLANG_WARN_QUOTED_INCLUDE_IN_FRAMEWORK_HEADER = YES;
				CLANG_WARN_RANGE_LOOP_ANALYSIS = YES;
				CLANG_WARN_STRICT_PROTOTYPES = YES;
				CLANG_WARN_SUSPICIOUS_MOVE = YES;
				CLANG_WARN_UNGUARDED_AVAILABILITY = YES_AGGRESSIVE;
				CLANG_WARN_UNREACHABLE_CODE = YES;
				CLANG_WARN__DUPLICATE_METHOD_MATCH = YES;
				COPY_PHASE_STRIP = NO;
				DEBUG_INFORMATION_FORMAT = dwarf;
				ENABLE_STRICT_OBJC_MSGSEND = YES;
				ENABLE_TESTABILITY = YES;
				GCC_C_LANGUAGE_STANDARD = gnu11;
				GCC_DYNAMIC_NO_PIC = NO;
				GCC_NO_COMMON_BLOCKS = YES;
				GCC_OPTIMIZATION_LEVEL = 0;
				GCC_PREPROCESSOR_DEFINITIONS = (
					"DEBUG=1",
					"$(inherited)",
				);
				GCC_WARN_64_TO_32_BIT_CONVERSION = YES;
				GCC_WARN_ABOUT_RETURN_TYPE = YES_ERROR;
				GCC_WARN_UNDECLARED_SELECTOR = YES;
				GCC_WARN_UNINITIALIZED_AUTOS = YES_AGGRESSIVE;
				GCC_WARN_UNUSED_FUNCTION = YES;
				GCC_WARN_UNUSED_VARIABLE = YES;
				IPHONEOS_DEPLOYMENT_TARGET = 14.1;
				MTL_ENABLE_DEBUG_INFO = INCLUDE_SOURCE;
				MTL_FAST_MATH = YES;
				ONLY_ACTIVE_ARCH = YES;
				SDKROOT = iphoneos;
				SWIFT_ACTIVE_COMPILATION_CONDITIONS = DEBUG;
				SWIFT_OPTIMIZATION_LEVEL = "-Onone";
			};
			name = Debug;
		};
		48BAB88D255BCEE200EB13C4 /* Release */ = {
			isa = XCBuildConfiguration;
			buildSettings = {
				ALWAYS_SEARCH_USER_PATHS = NO;
				CLANG_ANALYZER_NONNULL = YES;
				CLANG_ANALYZER_NUMBER_OBJECT_CONVERSION = YES_AGGRESSIVE;
				CLANG_CXX_LANGUAGE_STANDARD = "gnu++14";
				CLANG_CXX_LIBRARY = "libc++";
				CLANG_ENABLE_MODULES = YES;
				CLANG_ENABLE_OBJC_ARC = YES;
				CLANG_ENABLE_OBJC_WEAK = YES;
				CLANG_WARN_BLOCK_CAPTURE_AUTORELEASING = YES;
				CLANG_WARN_BOOL_CONVERSION = YES;
				CLANG_WARN_COMMA = YES;
				CLANG_WARN_CONSTANT_CONVERSION = YES;
				CLANG_WARN_DEPRECATED_OBJC_IMPLEMENTATIONS = YES;
				CLANG_WARN_DIRECT_OBJC_ISA_USAGE = YES_ERROR;
				CLANG_WARN_DOCUMENTATION_COMMENTS = YES;
				CLANG_WARN_EMPTY_BODY = YES;
				CLANG_WARN_ENUM_CONVERSION = YES;
				CLANG_WARN_INFINITE_RECURSION = YES;
				CLANG_WARN_INT_CONVERSION = YES;
				CLANG_WARN_NON_LITERAL_NULL_CONVERSION = YES;
				CLANG_WARN_OBJC_IMPLICIT_RETAIN_SELF = YES;
				CLANG_WARN_OBJC_LITERAL_CONVERSION = YES;
				CLANG_WARN_OBJC_ROOT_CLASS = YES_ERROR;
				CLANG_WARN_QUOTED_INCLUDE_IN_FRAMEWORK_HEADER = YES;
				CLANG_WARN_RANGE_LOOP_ANALYSIS = YES;
				CLANG_WARN_STRICT_PROTOTYPES = YES;
				CLANG_WARN_SUSPICIOUS_MOVE = YES;
				CLANG_WARN_UNGUARDED_AVAILABILITY = YES_AGGRESSIVE;
				CLANG_WARN_UNREACHABLE_CODE = YES;
				CLANG_WARN__DUPLICATE_METHOD_MATCH = YES;
				COPY_PHASE_STRIP = NO;
				DEBUG_INFORMATION_FORMAT = "dwarf-with-dsym";
				ENABLE_NS_ASSERTIONS = NO;
				ENABLE_STRICT_OBJC_MSGSEND = YES;
				GCC_C_LANGUAGE_STANDARD = gnu11;
				GCC_NO_COMMON_BLOCKS = YES;
				GCC_WARN_64_TO_32_BIT_CONVERSION = YES;
				GCC_WARN_ABOUT_RETURN_TYPE = YES_ERROR;
				GCC_WARN_UNDECLARED_SELECTOR = YES;
				GCC_WARN_UNINITIALIZED_AUTOS = YES_AGGRESSIVE;
				GCC_WARN_UNUSED_FUNCTION = YES;
				GCC_WARN_UNUSED_VARIABLE = YES;
				IPHONEOS_DEPLOYMENT_TARGET = 14.1;
				MTL_ENABLE_DEBUG_INFO = NO;
				MTL_FAST_MATH = YES;
				SDKROOT = iphoneos;
				SWIFT_COMPILATION_MODE = wholemodule;
				SWIFT_OPTIMIZATION_LEVEL = "-O";
				VALIDATE_PRODUCT = YES;
			};
			name = Release;
		};
		48BAB88F255BCEE200EB13C4 /* Debug */ = {
			isa = XCBuildConfiguration;
			buildSettings = {
				ASSETCATALOG_COMPILER_APPICON_NAME = AppIcon;
				ASSETCATALOG_COMPILER_GLOBAL_ACCENT_COLOR_NAME = AccentColor;
				CODE_SIGN_STYLE = Automatic;
				INFOPLIST_FILE = SpacePhot/Info.plist;
				LD_RUNPATH_SEARCH_PATHS = (
					"$(inherited)",
					"@executable_path/Frameworks",
				);
				PRODUCT_BUNDLE_IDENTIFIER = com.johnpadilla.SpacePhot;
				PRODUCT_NAME = "$(TARGET_NAME)";
				SWIFT_VERSION = 5.0;
				TARGETED_DEVICE_FAMILY = "1,2";
			};
			name = Debug;
		};
		48BAB890255BCEE200EB13C4 /* Release */ = {
			isa = XCBuildConfiguration;
			buildSettings = {
				ASSETCATALOG_COMPILER_APPICON_NAME = AppIcon;
				ASSETCATALOG_COMPILER_GLOBAL_ACCENT_COLOR_NAME = AccentColor;
				CODE_SIGN_STYLE = Automatic;
				INFOPLIST_FILE = SpacePhot/Info.plist;
				LD_RUNPATH_SEARCH_PATHS = (
					"$(inherited)",
					"@executable_path/Frameworks",
				);
				PRODUCT_BUNDLE_IDENTIFIER = com.johnpadilla.SpacePhot;
				PRODUCT_NAME = "$(TARGET_NAME)";
				SWIFT_VERSION = 5.0;
				TARGETED_DEVICE_FAMILY = "1,2";
			};
			name = Release;
		};
/* End XCBuildConfiguration section */

/* Begin XCConfigurationList section */
		48BAB875255BCEDF00EB13C4 /* Build configuration list for PBXProject "SpacePhot" */ = {
			isa = XCConfigurationList;
			buildConfigurations = (
				48BAB88C255BCEE200EB13C4 /* Debug */,
				48BAB88D255BCEE200EB13C4 /* Release */,
			);
			defaultConfigurationIsVisible = 0;
			defaultConfigurationName = Release;
		};
		48BAB88E255BCEE200EB13C4 /* Build configuration list for PBXNativeTarget "SpacePhot" */ = {
			isa = XCConfigurationList;
			buildConfigurations = (
				48BAB88F255BCEE200EB13C4 /* Debug */,
				48BAB890255BCEE200EB13C4 /* Release */,
			);
			defaultConfigurationIsVisible = 0;
			defaultConfigurationName = Release;
		};
/* End XCConfigurationList section */
	};
	rootObject = 48BAB872255BCEDF00EB13C4 /* Project object */;
}
